
Microsoft Visual Studio Solution File, Format Version 12.00
# Visual Studio Version 16
VisualStudioVersion = 16.0.31321.278
MinimumVisualStudioVersion = 10.0.40219.1
Project("{FAE04EC0-301F-11D3-BF4B-00C04F79EFBC}") = "WyprawaNa8k", "WyprawaNa8k\WyprawaNa8k.csproj", "{F1B7003C-177E-4EB1-ABBB-121F0D074DE3}"
EndProject
Global
	GlobalSection(SolutionConfigurationPlatforms) = preSolution
		Debug|Any CPU = Debug|Any CPU
		Release|Any CPU = Release|Any CPU
	EndGlobalSection
	GlobalSection(ProjectConfigurationPlatforms) = postSolution
		{F1B7003C-177E-4EB1-ABBB-121F0D074DE3}.Debug|Any CPU.ActiveCfg = Debug|Any CPU
		{F1B7003C-177E-4EB1-ABBB-121F0D074DE3}.Debug|Any CPU.Build.0 = Debug|Any CPU
		{F1B7003C-177E-4EB1-ABBB-121F0D074DE3}.Release|Any CPU.ActiveCfg = Release|Any CPU
		{F1B7003C-177E-4EB1-ABBB-121F0D074DE3}.Release|Any CPU.Build.0 = Release|Any CPU
	EndGlobalSection
	GlobalSection(SolutionProperties) = preSolution
		HideSolutionNode = FALSE
	EndGlobalSection
	GlobalSection(ExtensibilityGlobals) = postSolution
		SolutionGuid = {DF287879-7CE5-4B05-B900-663B169D36C6}
	EndGlobalSection
EndGlobal
